
Microsoft Visual Studio Solution File, Format Version 12.00
# Visual Studio Version 17
VisualStudioVersion = 17.6.33815.320
MinimumVisualStudioVersion = 10.0.40219.1
Project("{FAE04EC0-301F-11D3-BF4B-00C04F79EFBC}") = "PedrISnekears", "PedrISnekears\PedrISnekears.csproj", "{60BAF164-061A-4F19-826C-02D213C5B8DA}"
EndProject
Global
	GlobalSection(SolutionConfigurationPlatforms) = preSolution
		Debug|Any CPU = Debug|Any CPU
		Release|Any CPU = Release|Any CPU
	EndGlobalSection
	GlobalSection(ProjectConfigurationPlatforms) = postSolution
		{60BAF164-061A-4F19-826C-02D213C5B8DA}.Debug|Any CPU.ActiveCfg = Debug|Any CPU
		{60BAF164-061A-4F19-826C-02D213C5B8DA}.Debug|Any CPU.Build.0 = Debug|Any CPU
		{60BAF164-061A-4F19-826C-02D213C5B8DA}.Release|Any CPU.ActiveCfg = Release|Any CPU
		{60BAF164-061A-4F19-826C-02D213C5B8DA}.Release|Any CPU.Build.0 = Release|Any CPU
	EndGlobalSection
	GlobalSection(SolutionProperties) = preSolution
		HideSolutionNode = FALSE
	EndGlobalSection
	GlobalSection(ExtensibilityGlobals) = postSolution
		SolutionGuid = {9EC98EA0-CF05-401E-B104-FA1D7CBDE90A}
	EndGlobalSection
EndGlobal
